// !$*UTF8*$!
{
	archiveVersion = 1;
	classes = {
	};
	objectVersion = 48;
	objects = {

/* Begin PBXBuildFile section */
		883531EC1F8F63ED006A0384 /* AppDelegate.swift in Sources */ = {isa = PBXBuildFile; fileRef = 883531EB1F8F63ED006A0384 /* AppDelegate.swift */; };
		883531EE1F8F63ED006A0384 /* ViewController.swift in Sources */ = {isa = PBXBuildFile; fileRef = 883531ED1F8F63ED006A0384 /* ViewController.swift */; };
		883531F11F8F63ED006A0384 /* Main.storyboard in Resources */ = {isa = PBXBuildFile; fileRef = 883531EF1F8F63ED006A0384 /* Main.storyboard */; };
		883531F31F8F63ED006A0384 /* Assets.xcassets in Resources */ = {isa = PBXBuildFile; fileRef = 883531F21F8F63ED006A0384 /* Assets.xcassets */; };
		883531F61F8F63ED006A0384 /* LaunchScreen.storyboard in Resources */ = {isa = PBXBuildFile; fileRef = 883531F41F8F63ED006A0384 /* LaunchScreen.storyboard */; };
		883532011F8F63EE006A0384 /* Beacon_ManagerTests.swift in Sources */ = {isa = PBXBuildFile; fileRef = 883532001F8F63EE006A0384 /* Beacon_ManagerTests.swift */; };
/* End PBXBuildFile section */

/* Begin PBXContainerItemProxy section */
		883531FD1F8F63EE006A0384 /* PBXContainerItemProxy */ = {
			isa = PBXContainerItemProxy;
			containerPortal = 883531E01F8F63ED006A0384 /* Project object */;
			proxyType = 1;
			remoteGlobalIDString = 883531E71F8F63ED006A0384;
			remoteInfo = Beacon_Manager;
		};
/* End PBXContainerItemProxy section */

/* Begin PBXFileReference section */
		883531E81F8F63ED006A0384 /* Beacon_Manager.app */ = {isa = PBXFileReference; explicitFileType = wrapper.application; includeInIndex = 0; path = Beacon_Manager.app; sourceTree = BUILT_PRODUCTS_DIR; };
		883531EB1F8F63ED006A0384 /* AppDelegate.swift */ = {isa = PBXFileReference; lastKnownFileType = sourcecode.swift; path = AppDelegate.swift; sourceTree = "<group>"; };
		883531ED1F8F63ED006A0384 /* ViewController.swift */ = {isa = PBXFileReference; lastKnownFileType = sourcecode.swift; path = ViewController.swift; sourceTree = "<group>"; };
		883531F01F8F63ED006A0384 /* Base */ = {isa = PBXFileReference; lastKnownFileType = file.storyboard; name = Base; path = Base.lproj/Main.storyboard; sourceTree = "<group>"; };
		883531F21F8F63ED006A0384 /* Assets.xcassets */ = {isa = PBXFileReference; lastKnownFileType = folder.assetcatalog; path = Assets.xcassets; sourceTree = "<group>"; };
		883531F51F8F63ED006A0384 /* Base */ = {isa = PBXFileReference; lastKnownFileType = file.storyboard; name = Base; path = Base.lproj/LaunchScreen.storyboard; sourceTree = "<group>"; };
		883531F71F8F63ED006A0384 /* Info.plist */ = {isa = PBXFileReference; lastKnownFileType = text.plist.xml; path = Info.plist; sourceTree = "<group>"; };
		883531FC1F8F63EE006A0384 /* Beacon_ManagerTests.xctest */ = {isa = PBXFileReference; explicitFileType = wrapper.cfbundle; includeInIndex = 0; path = Beacon_ManagerTests.xctest; sourceTree = BUILT_PRODUCTS_DIR; };
		883532001F8F63EE006A0384 /* Beacon_ManagerTests.swift */ = {isa = PBXFileReference; lastKnownFileType = sourcecode.swift; path = Beacon_ManagerTests.swift; sourceTree = "<group>"; };
		883532021F8F63EE006A0384 /* Info.plist */ = {isa = PBXFileReference; lastKnownFileType = text.plist.xml; path = Info.plist; sourceTree = "<group>"; };
/* End PBXFileReference section */

/* Begin PBXFrameworksBuildPhase section */
		883531E51F8F63ED006A0384 /* Frameworks */ = {
			isa = PBXFrameworksBuildPhase;
			buildActionMask = 2147483647;
			files = (
			);
			runOnlyForDeploymentPostprocessing = 0;
		};
		883531F91F8F63EE006A0384 /* Frameworks */ = {
			isa = PBXFrameworksBuildPhase;
			buildActionMask = 2147483647;
			files = (
			);
			runOnlyForDeploymentPostprocessing = 0;
		};
/* End PBXFrameworksBuildPhase section */

/* Begin PBXGroup section */
		883531DF1F8F63ED006A0384 = {
			isa = PBXGroup;
			children = (
				883531EA1F8F63ED006A0384 /* Beacon_Manager */,
				883531FF1F8F63EE006A0384 /* Beacon_ManagerTests */,
				883531E91F8F63ED006A0384 /* Products */,
			);
			sourceTree = "<group>";
		};
		883531E91F8F63ED006A0384 /* Products */ = {
			isa = PBXGroup;
			children = (
				883531E81F8F63ED006A0384 /* Beacon_Manager.app */,
				883531FC1F8F63EE006A0384 /* Beacon_ManagerTests.xctest */,
			);
			name = Products;
			sourceTree = "<group>";
		};
		883531EA1F8F63ED006A0384 /* Beacon_Manager */ = {
			isa = PBXGroup;
			children = (
				883531EB1F8F63ED006A0384 /* AppDelegate.swift */,
				883531ED1F8F63ED006A0384 /* ViewController.swift */,
				883531EF1F8F63ED006A0384 /* Main.storyboard */,
				883531F21F8F63ED006A0384 /* Assets.xcassets */,
				883531F41F8F63ED006A0384 /* LaunchScreen.storyboard */,
				883531F71F8F63ED006A0384 /* Info.plist */,
			);
			path = Beacon_Manager;
			sourceTree = "<group>";
		};
		883531FF1F8F63EE006A0384 /* Beacon_ManagerTests */ = {
			isa = PBXGroup;
			children = (
				883532001F8F63EE006A0384 /* Beacon_ManagerTests.swift */,
				883532021F8F63EE006A0384 /* Info.plist */,
			);
			path = Beacon_ManagerTests;
			sourceTree = "<group>";
		};
/* End PBXGroup section */

/* Begin PBXNativeTarget section */
		883531E71F8F63ED006A0384 /* Beacon_Manager */ = {
			isa = PBXNativeTarget;
			buildConfigurationList = 883532051F8F63EE006A0384 /* Build configuration list for PBXNativeTarget "Beacon_Manager" */;
			buildPhases = (
				883531E41F8F63ED006A0384 /* Sources */,
				883531E51F8F63ED006A0384 /* Frameworks */,
				883531E61F8F63ED006A0384 /* Resources */,
			);
			buildRules = (
			);
			dependencies = (
			);
			name = Beacon_Manager;
			productName = Beacon_Manager;
			productReference = 883531E81F8F63ED006A0384 /* Beacon_Manager.app */;
			productType = "com.apple.product-type.application";
		};
		883531FB1F8F63EE006A0384 /* Beacon_ManagerTests */ = {
			isa = PBXNativeTarget;
			buildConfigurationList = 883532081F8F63EE006A0384 /* Build configuration list for PBXNativeTarget "Beacon_ManagerTests" */;
			buildPhases = (
				883531F81F8F63EE006A0384 /* Sources */,
				883531F91F8F63EE006A0384 /* Frameworks */,
				883531FA1F8F63EE006A0384 /* Resources */,
			);
			buildRules = (
			);
			dependencies = (
				883531FE1F8F63EE006A0384 /* PBXTargetDependency */,
			);
			name = Beacon_ManagerTests;
			productName = Beacon_ManagerTests;
			productReference = 883531FC1F8F63EE006A0384 /* Beacon_ManagerTests.xctest */;
			productType = "com.apple.product-type.bundle.unit-test";
		};
/* End PBXNativeTarget section */

/* Begin PBXProject section */
		883531E01F8F63ED006A0384 /* Project object */ = {
			isa = PBXProject;
			attributes = {
				LastSwiftUpdateCheck = 0900;
				LastUpgradeCheck = 0900;
				ORGANIZATIONNAME = "Apple Inc.";
				TargetAttributes = {
					883531E71F8F63ED006A0384 = {
						CreatedOnToolsVersion = 9.0;
						ProvisioningStyle = Automatic;
					};
					883531FB1F8F63EE006A0384 = {
						CreatedOnToolsVersion = 9.0;
						ProvisioningStyle = Automatic;
						TestTargetID = 883531E71F8F63ED006A0384;
					};
				};
			};
			buildConfigurationList = 883531E31F8F63ED006A0384 /* Build configuration list for PBXProject "Beacon_Manager" */;
			compatibilityVersion = "Xcode 8.0";
			developmentRegion = en;
			hasScannedForEncodings = 0;
			knownRegions = (
				en,
				Base,
			);
			mainGroup = 883531DF1F8F63ED006A0384;
			productRefGroup = 883531E91F8F63ED006A0384 /* Products */;
			projectDirPath = "";
			projectRoot = "";
			targets = (
				883531E71F8F63ED006A0384 /* Beacon_Manager */,
				883531FB1F8F63EE006A0384 /* Beacon_ManagerTests */,
			);
		};
/* End PBXProject section */

/* Begin PBXResourcesBuildPhase section */
		883531E61F8F63ED006A0384 /* Resources */ = {
			isa = PBXResourcesBuildPhase;
			buildActionMask = 2147483647;
			files = (
				883531F61F8F63ED006A0384 /* LaunchScreen.storyboard in Resources */,
				883531F31F8F63ED006A0384 /* Assets.xcassets in Resources */,
				883531F11F8F63ED006A0384 /* Main.storyboard in Resources */,
			);
			runOnlyForDeploymentPostprocessing = 0;
		};
		883531FA1F8F63EE006A0384 /* Resources */ = {
			isa = PBXResourcesBuildPhase;
			buildActionMask = 2147483647;
			files = (
			);
			runOnlyForDeploymentPostprocessing = 0;
		};
/* End PBXResourcesBuildPhase section */

/* Begin PBXSourcesBuildPhase section */
		883531E41F8F63ED006A0384 /* Sources */ = {
			isa = PBXSourcesBuildPhase;
			buildActionMask = 2147483647;
			files = (
				883531EE1F8F63ED006A0384 /* ViewController.swift in Sources */,
				883531EC1F8F63ED006A0384 /* AppDelegate.swift in Sources */,
			);
			runOnlyForDeploymentPostprocessing = 0;
		};
		883531F81F8F63EE006A0384 /* Sources */ = {
			isa = PBXSourcesBuildPhase;
			buildActionMask = 2147483647;
			files = (
				883532011F8F63EE006A0384 /* Beacon_ManagerTests.swift in Sources */,
			);
			runOnlyForDeploymentPostprocessing = 0;
		};
/* End PBXSourcesBuildPhase section */

/* Begin PBXTargetDependency section */
		883531FE1F8F63EE006A0384 /* PBXTargetDependency */ = {
			isa = PBXTargetDependency;
			target = 883531E71F8F63ED006A0384 /* Beacon_Manager */;
			targetProxy = 883531FD1F8F63EE006A0384 /* PBXContainerItemProxy */;
		};
/* End PBXTargetDependency section */

/* Begin PBXVariantGroup section */
		883531EF1F8F63ED006A0384 /* Main.storyboard */ = {
			isa = PBXVariantGroup;
			children = (
				883531F01F8F63ED006A0384 /* Base */,
			);
			name = Main.storyboard;
			sourceTree = "<group>";
		};
		883531F41F8F63ED006A0384 /* LaunchScreen.storyboard */ = {
			isa = PBXVariantGroup;
			children = (
				883531F51F8F63ED006A0384 /* Base */,
			);
			name = LaunchScreen.storyboard;
			sourceTree = "<group>";
		};
/* End PBXVariantGroup section */

/* Begin XCBuildConfiguration section */
		883532031F8F63EE006A0384 /* Debug */ = {
			isa = XCBuildConfiguration;
			buildSettings = {
				ALWAYS_SEARCH_USER_PATHS = NO;
				CLANG_ANALYZER_NONNULL = YES;
				CLANG_ANALYZER_NUMBER_OBJECT_CONVERSION = YES_AGGRESSIVE;
				CLANG_CXX_LANGUAGE_STANDARD = "gnu++14";
				CLANG_CXX_LIBRARY = "libc++";
				CLANG_ENABLE_MODULES = YES;
				CLANG_ENABLE_OBJC_ARC = YES;
				CLANG_WARN_BLOCK_CAPTURE_AUTORELEASING = YES;
				CLANG_WARN_BOOL_CONVERSION = YES;
				CLANG_WARN_COMMA = YES;
				CLANG_WARN_CONSTANT_CONVERSION = YES;
				CLANG_WARN_DIRECT_OBJC_ISA_USAGE = YES_ERROR;
				CLANG_WARN_DOCUMENTATION_COMMENTS = YES;
				CLANG_WARN_EMPTY_BODY = YES;
				CLANG_WARN_ENUM_CONVERSION = YES;
				CLANG_WARN_INFINITE_RECURSION = YES;
				CLANG_WARN_INT_CONVERSION = YES;
				CLANG_WARN_NON_LITERAL_NULL_CONVERSION = YES;
				CLANG_WARN_OBJC_LITERAL_CONVERSION = YES;
				CLANG_WARN_OBJC_ROOT_CLASS = YES_ERROR;
				CLANG_WARN_RANGE_LOOP_ANALYSIS = YES;
				CLANG_WARN_STRICT_PROTOTYPES = YES;
				CLANG_WARN_SUSPICIOUS_MOVE = YES;
				CLANG_WARN_UNGUARDED_AVAILABILITY = YES_AGGRESSIVE;
				CLANG_WARN_UNREACHABLE_CODE = YES;
				CLANG_WARN__DUPLICATE_METHOD_MATCH = YES;
				CODE_SIGN_IDENTITY = "iPhone Developer";
				COPY_PHASE_STRIP = NO;
				DEBUG_INFORMATION_FORMAT = dwarf;
				ENABLE_STRICT_OBJC_MSGSEND = YES;
				ENABLE_TESTABILITY = YES;
				GCC_C_LANGUAGE_STANDARD = gnu11;
				GCC_DYNAMIC_NO_PIC = NO;
				GCC_NO_COMMON_BLOCKS = YES;
				GCC_OPTIMIZATION_LEVEL = 0;
				GCC_PREPROCESSOR_DEFINITIONS = (
					"DEBUG=1",
					"$(inherited)",
				);
				GCC_WARN_64_TO_32_BIT_CONVERSION = YES;
				GCC_WARN_ABOUT_RETURN_TYPE = YES_ERROR;
				GCC_WARN_UNDECLARED_SELECTOR = YES;
				GCC_WARN_UNINITIALIZED_AUTOS = YES_AGGRESSIVE;
				GCC_WARN_UNUSED_FUNCTION = YES;
				GCC_WARN_UNUSED_VARIABLE = YES;
				IPHONEOS_DEPLOYMENT_TARGET = 11.0;
				MTL_ENABLE_DEBUG_INFO = YES;
				ONLY_ACTIVE_ARCH = YES;
				SDKROOT = iphoneos;
				SWIFT_ACTIVE_COMPILATION_CONDITIONS = DEBUG;
				SWIFT_OPTIMIZATION_LEVEL = "-Onone";
			};
			name = Debug;
		};
		883532041F8F63EE006A0384 /* Release */ = {
			isa = XCBuildConfiguration;
			buildSettings = {
				ALWAYS_SEARCH_USER_PATHS = NO;
				CLANG_ANALYZER_NONNULL = YES;
				CLANG_ANALYZER_NUMBER_OBJECT_CONVERSION = YES_AGGRESSIVE;
				CLANG_CXX_LANGUAGE_STANDARD = "gnu++14";
				CLANG_CXX_LIBRARY = "libc++";
				CLANG_ENABLE_MODULES = YES;
				CLANG_ENABLE_OBJC_ARC = YES;
				CLANG_WARN_BLOCK_CAPTURE_AUTORELEASING = YES;
				CLANG_WARN_BOOL_CONVERSION = YES;
				CLANG_WARN_COMMA = YES;
				CLANG_WARN_CONSTANT_CONVERSION = YES;
				CLANG_WARN_DIRECT_OBJC_ISA_USAGE = YES_ERROR;
				CLANG_WARN_DOCUMENTATION_COMMENTS = YES;
				CLANG_WARN_EMPTY_BODY = YES;
				CLANG_WARN_ENUM_CONVERSION = YES;
				CLANG_WARN_INFINITE_RECURSION = YES;
				CLANG_WARN_INT_CONVERSION = YES;
				CLANG_WARN_NON_LITERAL_NULL_CONVERSION = YES;
				CLANG_WARN_OBJC_LITERAL_CONVERSION = YES;
				CLANG_WARN_OBJC_ROOT_CLASS = YES_ERROR;
				CLANG_WARN_RANGE_LOOP_ANALYSIS = YES;
				CLANG_WARN_STRICT_PROTOTYPES = YES;
				CLANG_WARN_SUSPICIOUS_MOVE = YES;
				CLANG_WARN_UNGUARDED_AVAILABILITY = YES_AGGRESSIVE;
				CLANG_WARN_UNREACHABLE_CODE = YES;
				CLANG_WARN__DUPLICATE_METHOD_MATCH = YES;
				CODE_SIGN_IDENTITY = "iPhone Developer";
				COPY_PHASE_STRIP = NO;
				DEBUG_INFORMATION_FORMAT = "dwarf-with-dsym";
				ENABLE_NS_ASSERTIONS = NO;
				ENABLE_STRICT_OBJC_MSGSEND = YES;
				GCC_C_LANGUAGE_STANDARD = gnu11;
				GCC_NO_COMMON_BLOCKS = YES;
				GCC_WARN_64_TO_32_BIT_CONVERSION = YES;
				GCC_WARN_ABOUT_RETURN_TYPE = YES_ERROR;
				GCC_WARN_UNDECLARED_SELECTOR = YES;
				GCC_WARN_UNINITIALIZED_AUTOS = YES_AGGRESSIVE;
				GCC_WARN_UNUSED_FUNCTION = YES;
				GCC_WARN_UNUSED_VARIABLE = YES;
				IPHONEOS_DEPLOYMENT_TARGET = 11.0;
				MTL_ENABLE_DEBUG_INFO = NO;
				SDKROOT = iphoneos;
				SWIFT_OPTIMIZATION_LEVEL = "-Owholemodule";
				VALIDATE_PRODUCT = YES;
			};
			name = Release;
		};
		883532061F8F63EE006A0384 /* Debug */ = {
			isa = XCBuildConfiguration;
			buildSettings = {
				ASSETCATALOG_COMPILER_APPICON_NAME = AppIcon;
				CODE_SIGN_STYLE = Automatic;
				DEVELOPMENT_TEAM = Z93PPS7T54;
				INFOPLIST_FILE = Beacon_Manager/Info.plist;
				LD_RUNPATH_SEARCH_PATHS = "$(inherited) @executable_path/Frameworks";
				PRODUCT_BUNDLE_IDENTIFIER = "com.hdmi.Beacon-Manager";
				PRODUCT_NAME = "$(TARGET_NAME)";
				SWIFT_VERSION = 4.0;
				TARGETED_DEVICE_FAMILY = "1,2";
			};
			name = Debug;
		};
		883532071F8F63EE006A0384 /* Release */ = {
			isa = XCBuildConfiguration;
			buildSettings = {
				ASSETCATALOG_COMPILER_APPICON_NAME = AppIcon;
				CODE_SIGN_STYLE = Automatic;
				DEVELOPMENT_TEAM = Z93PPS7T54;
				INFOPLIST_FILE = Beacon_Manager/Info.plist;
				LD_RUNPATH_SEARCH_PATHS = "$(inherited) @executable_path/Frameworks";
				PRODUCT_BUNDLE_IDENTIFIER = "com.hdmi.Beacon-Manager";
				PRODUCT_NAME = "$(TARGET_NAME)";
				SWIFT_VERSION = 4.0;
				TARGETED_DEVICE_FAMILY = "1,2";
			};
			name = Release;
		};
		883532091F8F63EE006A0384 /* Debug */ = {
			isa = XCBuildConfiguration;
			buildSettings = {
				ALWAYS_EMBED_SWIFT_STANDARD_LIBRARIES = YES;
				BUNDLE_LOADER = "$(TEST_HOST)";
				CODE_SIGN_STYLE = Automatic;
				DEVELOPMENT_TEAM = Z93PPS7T54;
				INFOPLIST_FILE = Beacon_ManagerTests/Info.plist;
				LD_RUNPATH_SEARCH_PATHS = "$(inherited) @executable_path/Frameworks @loader_path/Frameworks";
				PRODUCT_BUNDLE_IDENTIFIER = "com.hdmi.Beacon-ManagerTests";
				PRODUCT_NAME = "$(TARGET_NAME)";
				SWIFT_VERSION = 4.0;
				TARGETED_DEVICE_FAMILY = "1,2";
				TEST_HOST = "$(BUILT_PRODUCTS_DIR)/Beacon_Manager.app/Beacon_Manager";
			};
			name = Debug;
		};
		8835320A1F8F63EE006A0384 /* Release */ = {
			isa = XCBuildConfiguration;
			buildSettings = {
				ALWAYS_EMBED_SWIFT_STANDARD_LIBRARIES = YES;
				BUNDLE_LOADER = "$(TEST_HOST)";
				CODE_SIGN_STYLE = Automatic;
				DEVELOPMENT_TEAM = Z93PPS7T54;
				INFOPLIST_FILE = Beacon_ManagerTests/Info.plist;
				LD_RUNPATH_SEARCH_PATHS = "$(inherited) @executable_path/Frameworks @loader_path/Frameworks";
				PRODUCT_BUNDLE_IDENTIFIER = "com.hdmi.Beacon-ManagerTests";
				PRODUCT_NAME = "$(TARGET_NAME)";
				SWIFT_VERSION = 4.0;
				TARGETED_DEVICE_FAMILY = "1,2";
				TEST_HOST = "$(BUILT_PRODUCTS_DIR)/Beacon_Manager.app/Beacon_Manager";
			};
			name = Release;
		};
/* End XCBuildConfiguration section */

/* Begin XCConfigurationList section */
		883531E31F8F63ED006A0384 /* Build configuration list for PBXProject "Beacon_Manager" */ = {
			isa = XCConfigurationList;
			buildConfigurations = (
				883532031F8F63EE006A0384 /* Debug */,
				883532041F8F63EE006A0384 /* Release */,
			);
			defaultConfigurationIsVisible = 0;
			defaultConfigurationName = Release;
		};
		883532051F8F63EE006A0384 /* Build configuration list for PBXNativeTarget "Beacon_Manager" */ = {
			isa = XCConfigurationList;
			buildConfigurations = (
				883532061F8F63EE006A0384 /* Debug */,
				883532071F8F63EE006A0384 /* Release */,
			);
			defaultConfigurationIsVisible = 0;
			defaultConfigurationName = Release;
		};
		883532081F8F63EE006A0384 /* Build configuration list for PBXNativeTarget "Beacon_ManagerTests" */ = {
			isa = XCConfigurationList;
			buildConfigurations = (
				883532091F8F63EE006A0384 /* Debug */,
				8835320A1F8F63EE006A0384 /* Release */,
			);
			defaultConfigurationIsVisible = 0;
			defaultConfigurationName = Release;
		};
/* End XCConfigurationList section */
	};
	rootObject = 883531E01F8F63ED006A0384 /* Project object */;
}
